
Microsoft Visual Studio Solution File, Format Version 12.00
# Visual Studio 14
VisualStudioVersion = 14.0.23107.0
MinimumVisualStudioVersion = 10.0.40219.1
Project("{FAE04EC0-301F-11D3-BF4B-00C04F79EFBC}") = "ClassLibraryTP3", "ClassLibraryTP3\ClassLibraryTP3.csproj", "{8C987A95-00B7-44C3-9482-98437ED42934}"
EndProject
Project("{FAE04EC0-301F-11D3-BF4B-00C04F79EFBC}") = "ThreadManagerWPF", "WpfApplication1\ThreadManagerWPF.csproj", "{BBA3E855-FB17-45CE-B741-634EE866FB46}"
EndProject
Global
	GlobalSection(SolutionConfigurationPlatforms) = preSolution
		Debug|Any CPU = Debug|Any CPU
		Release|Any CPU = Release|Any CPU
	EndGlobalSection
	GlobalSection(ProjectConfigurationPlatforms) = postSolution
		{8C987A95-00B7-44C3-9482-98437ED42934}.Debug|Any CPU.ActiveCfg = Debug|Any CPU
		{8C987A95-00B7-44C3-9482-98437ED42934}.Debug|Any CPU.Build.0 = Debug|Any CPU
		{8C987A95-00B7-44C3-9482-98437ED42934}.Release|Any CPU.ActiveCfg = Release|Any CPU
		{8C987A95-00B7-44C3-9482-98437ED42934}.Release|Any CPU.Build.0 = Release|Any CPU
		{BBA3E855-FB17-45CE-B741-634EE866FB46}.Debug|Any CPU.ActiveCfg = Debug|Any CPU
		{BBA3E855-FB17-45CE-B741-634EE866FB46}.Debug|Any CPU.Build.0 = Debug|Any CPU
		{BBA3E855-FB17-45CE-B741-634EE866FB46}.Release|Any CPU.ActiveCfg = Release|Any CPU
		{BBA3E855-FB17-45CE-B741-634EE866FB46}.Release|Any CPU.Build.0 = Release|Any CPU
	EndGlobalSection
	GlobalSection(SolutionProperties) = preSolution
		HideSolutionNode = FALSE
	EndGlobalSection
EndGlobal
